# This file is automatically @generated by Cargo.
# It is not intended for manual editing.
version = 4

[[package]]
name = "studio-render-spike"
version = "0.1.0"
dependencies = [
 "text-shaping-spike",
]

[[package]]
name = "text-shaping-spike"
version = "0.1.0"
dependencies = [
 "ttf-parser",
]

[[package]]
name = "ttf-parser"
version = "0.25.1"
source = "registry+https://github.com/rust-lang/crates.io-index"
checksum = "d2df906b07856748fa3f6e0ad0cbaa047052d4a7dd609e231c4f72cee8c36f31"
