# This file is automatically @generated by Cargo.
# It is not intended for manual editing.
version = 4

[[package]]
name = "instplot-core"
version = "0.1.0"
source = "git+https://github.com/zhiyuzhang001-a11y/InstPlot-Lite.git?rev=80ad374044d91dd3c306a384fc7f07ba82cac429#80ad374044d91dd3c306a384fc7f07ba82cac429"

[[package]]
name = "shared-core-consumer-spike"
version = "0.1.0"
dependencies = [
 "instplot-core",
]
